// !$*UTF8*$!
{
	archiveVersion = 1;
	classes = {
	};
	objectVersion = 46;
	objects = {

/* Begin PBXBuildFile section */
		6CEDC05DCC40ABAD867456F6 /* Pods_EventAggregator.framework in Frameworks */ = {isa = PBXBuildFile; fileRef = 017B0F8B1AA3DB5B3741EAA0 /* Pods_EventAggregator.framework */; };
		F4133B5A1F7AC3B6000CC446 /* ShowPlaceViewController.swift in Sources */ = {isa = PBXBuildFile; fileRef = F4133B591F7AC3B6000CC446 /* ShowPlaceViewController.swift */; };
		F41D34A21F61BAE60041A6F0 /* ManagePonaminaluEvent.swift in Sources */ = {isa = PBXBuildFile; fileRef = F41D34A11F61BAE60041A6F0 /* ManagePonaminaluEvent.swift */; };
		F43BBD141F89656E00419B85 /* EventMapLocationViewController.swift in Sources */ = {isa = PBXBuildFile; fileRef = F43BBD131F89656E00419B85 /* EventMapLocationViewController.swift */; };
		F45524031F1E891600AE1318 /* LoadDB.swift in Sources */ = {isa = PBXBuildFile; fileRef = F45524021F1E891600AE1318 /* LoadDB.swift */; };
		F473AE121F86E3A7008A4B63 /* CategoryTableViewController.swift in Sources */ = {isa = PBXBuildFile; fileRef = F473AE111F86E3A7008A4B63 /* CategoryTableViewController.swift */; };
		F475B5D91F1D3AAD006ACA85 /* TypeEvent.swift in Sources */ = {isa = PBXBuildFile; fileRef = F475B5D81F1D3AAD006ACA85 /* TypeEvent.swift */; };
		F475B5DB1F1D3ACC006ACA85 /* CityEvent.swift in Sources */ = {isa = PBXBuildFile; fileRef = F475B5DA1F1D3ACC006ACA85 /* CityEvent.swift */; };
		F476CBC91F1D38F7007349F5 /* AppDelegate.swift in Sources */ = {isa = PBXBuildFile; fileRef = F476CBC81F1D38F7007349F5 /* AppDelegate.swift */; };
		F476CBCE1F1D38F7007349F5 /* Main.storyboard in Resources */ = {isa = PBXBuildFile; fileRef = F476CBCC1F1D38F7007349F5 /* Main.storyboard */; };
		F476CBD31F1D38F7007349F5 /* LaunchScreen.storyboard in Resources */ = {isa = PBXBuildFile; fileRef = F476CBD11F1D38F7007349F5 /* LaunchScreen.storyboard */; };
		F476CBDF1F1D3A3B007349F5 /* EventTimepad.swift in Sources */ = {isa = PBXBuildFile; fileRef = F476CBDE1F1D3A3B007349F5 /* EventTimepad.swift */; };
		F476CBE11F1D3A54007349F5 /* EventTickets.swift in Sources */ = {isa = PBXBuildFile; fileRef = F476CBE01F1D3A54007349F5 /* EventTickets.swift */; };
		F476CBE31F1D3A70007349F5 /* ManageEventTimepad.swift in Sources */ = {isa = PBXBuildFile; fileRef = F476CBE21F1D3A70007349F5 /* ManageEventTimepad.swift */; };
		F47D026A1F51BC6400C3220B /* SettingsTableViewController.swift in Sources */ = {isa = PBXBuildFile; fileRef = F47D02691F51BC6400C3220B /* SettingsTableViewController.swift */; };
		F47D026C1F51BC9700C3220B /* SelectCityTableViewController.swift in Sources */ = {isa = PBXBuildFile; fileRef = F47D026B1F51BC9700C3220B /* SelectCityTableViewController.swift */; };
		F47D026E1F51BCDB00C3220B /* FavoriteTableViewController.swift in Sources */ = {isa = PBXBuildFile; fileRef = F47D026D1F51BCDB00C3220B /* FavoriteTableViewController.swift */; };
		F488C1971F27BAB200FC76A4 /* EventTableViewController.swift in Sources */ = {isa = PBXBuildFile; fileRef = F488C1961F27BAB200FC76A4 /* EventTableViewController.swift */; };
		F488C19D1F27D6D600FC76A4 /* DetailsTableViewController.swift in Sources */ = {isa = PBXBuildFile; fileRef = F488C19C1F27D6D600FC76A4 /* DetailsTableViewController.swift */; };
		F495CF651F51E34C00E0B6B0 /* FavoriteEvent.swift in Sources */ = {isa = PBXBuildFile; fileRef = F495CF641F51E34C00E0B6B0 /* FavoriteEvent.swift */; };
		F495CF671F51E56F00E0B6B0 /* Utils.swift in Sources */ = {isa = PBXBuildFile; fileRef = F495CF661F51E56F00E0B6B0 /* Utils.swift */; };
		F495CF6B1F51FEE900E0B6B0 /* GoogleService-Info.plist in Resources */ = {isa = PBXBuildFile; fileRef = F495CF6A1F51FEE900E0B6B0 /* GoogleService-Info.plist */; };
		F49BC8031F2A78D4002471A7 /* ManageEventKudaGO.swift in Sources */ = {isa = PBXBuildFile; fileRef = F49BC8021F2A78D4002471A7 /* ManageEventKudaGO.swift */; };
		F4B382B01F460993009EC8BE /* EventKudaGo.swift in Sources */ = {isa = PBXBuildFile; fileRef = F4B382AF1F460993009EC8BE /* EventKudaGo.swift */; };
		F4CA76531F4E271A0091083E /* SearchTableViewController.swift in Sources */ = {isa = PBXBuildFile; fileRef = F4CA76521F4E271A0091083E /* SearchTableViewController.swift */; };
		F4D43FC11F8916A2000FE8FC /* MapPin.swift in Sources */ = {isa = PBXBuildFile; fileRef = F4D43FC01F8916A2000FE8FC /* MapPin.swift */; };
		F4D6B8EF1F22A60100A06996 /* Decoder.swift in Sources */ = {isa = PBXBuildFile; fileRef = F4D6B8EE1F22A60100A06996 /* Decoder.swift */; };
		F4E5B0D91F82DD0100945FEE /* MapKit.framework in Frameworks */ = {isa = PBXBuildFile; fileRef = F4E5B0D81F82DD0100945FEE /* MapKit.framework */; };
		F4EDDCA91F4F60C900444AD3 /* Assets.xcassets in Resources */ = {isa = PBXBuildFile; fileRef = F4EDDCA81F4F60C900444AD3 /* Assets.xcassets */; };
		F4EDDCAB1F4F63AA00444AD3 /* RootTableViewController.swift in Sources */ = {isa = PBXBuildFile; fileRef = F4EDDCAA1F4F63AA00444AD3 /* RootTableViewController.swift */; };
/* End PBXBuildFile section */

/* Begin PBXFileReference section */
		017B0F8B1AA3DB5B3741EAA0 /* Pods_EventAggregator.framework */ = {isa = PBXFileReference; explicitFileType = wrapper.framework; includeInIndex = 0; path = Pods_EventAggregator.framework; sourceTree = BUILT_PRODUCTS_DIR; };
		387FFE59891DF1C8A1F2C9D6 /* Pods-EventAggregator.debug.xcconfig */ = {isa = PBXFileReference; includeInIndex = 1; lastKnownFileType = text.xcconfig; name = "Pods-EventAggregator.debug.xcconfig"; path = "Pods/Target Support Files/Pods-EventAggregator/Pods-EventAggregator.debug.xcconfig"; sourceTree = "<group>"; };
		481FD2D7A4D654D36D194888 /* Pods-EventAggregator.release.xcconfig */ = {isa = PBXFileReference; includeInIndex = 1; lastKnownFileType = text.xcconfig; name = "Pods-EventAggregator.release.xcconfig"; path = "Pods/Target Support Files/Pods-EventAggregator/Pods-EventAggregator.release.xcconfig"; sourceTree = "<group>"; };
		F4133B591F7AC3B6000CC446 /* ShowPlaceViewController.swift */ = {isa = PBXFileReference; lastKnownFileType = sourcecode.swift; path = ShowPlaceViewController.swift; sourceTree = "<group>"; };
		F41D34A11F61BAE60041A6F0 /* ManagePonaminaluEvent.swift */ = {isa = PBXFileReference; fileEncoding = 4; lastKnownFileType = sourcecode.swift; path = ManagePonaminaluEvent.swift; sourceTree = "<group>"; };
		F43BBD131F89656E00419B85 /* EventMapLocationViewController.swift */ = {isa = PBXFileReference; lastKnownFileType = sourcecode.swift; path = EventMapLocationViewController.swift; sourceTree = "<group>"; };
		F45524021F1E891600AE1318 /* LoadDB.swift */ = {isa = PBXFileReference; fileEncoding = 4; lastKnownFileType = sourcecode.swift; path = LoadDB.swift; sourceTree = "<group>"; };
		F473AE111F86E3A7008A4B63 /* CategoryTableViewController.swift */ = {isa = PBXFileReference; lastKnownFileType = sourcecode.swift; path = CategoryTableViewController.swift; sourceTree = "<group>"; };
		F475B5D81F1D3AAD006ACA85 /* TypeEvent.swift */ = {isa = PBXFileReference; fileEncoding = 4; lastKnownFileType = sourcecode.swift; path = TypeEvent.swift; sourceTree = "<group>"; };
		F475B5DA1F1D3ACC006ACA85 /* CityEvent.swift */ = {isa = PBXFileReference; fileEncoding = 4; lastKnownFileType = sourcecode.swift; path = CityEvent.swift; sourceTree = "<group>"; };
		F476CBC51F1D38F7007349F5 /* EventAggregator.app */ = {isa = PBXFileReference; explicitFileType = wrapper.application; includeInIndex = 0; path = EventAggregator.app; sourceTree = BUILT_PRODUCTS_DIR; };
		F476CBC81F1D38F7007349F5 /* AppDelegate.swift */ = {isa = PBXFileReference; lastKnownFileType = sourcecode.swift; path = AppDelegate.swift; sourceTree = "<group>"; };
		F476CBCD1F1D38F7007349F5 /* Base */ = {isa = PBXFileReference; lastKnownFileType = file.storyboard; name = Base; path = Base.lproj/Main.storyboard; sourceTree = "<group>"; };
		F476CBD21F1D38F7007349F5 /* Base */ = {isa = PBXFileReference; lastKnownFileType = file.storyboard; name = Base; path = Base.lproj/LaunchScreen.storyboard; sourceTree = "<group>"; };
		F476CBD41F1D38F7007349F5 /* Info.plist */ = {isa = PBXFileReference; lastKnownFileType = text.plist.xml; path = Info.plist; sourceTree = "<group>"; };
		F476CBDE1F1D3A3B007349F5 /* EventTimepad.swift */ = {isa = PBXFileReference; fileEncoding = 4; lastKnownFileType = sourcecode.swift; path = EventTimepad.swift; sourceTree = "<group>"; };
		F476CBE01F1D3A54007349F5 /* EventTickets.swift */ = {isa = PBXFileReference; fileEncoding = 4; lastKnownFileType = sourcecode.swift; path = EventTickets.swift; sourceTree = "<group>"; };
		F476CBE21F1D3A70007349F5 /* ManageEventTimepad.swift */ = {isa = PBXFileReference; fileEncoding = 4; lastKnownFileType = sourcecode.swift; path = ManageEventTimepad.swift; sourceTree = "<group>"; };
		F47D02691F51BC6400C3220B /* SettingsTableViewController.swift */ = {isa = PBXFileReference; fileEncoding = 4; lastKnownFileType = sourcecode.swift; path = SettingsTableViewController.swift; sourceTree = "<group>"; };
		F47D026B1F51BC9700C3220B /* SelectCityTableViewController.swift */ = {isa = PBXFileReference; fileEncoding = 4; lastKnownFileType = sourcecode.swift; path = SelectCityTableViewController.swift; sourceTree = "<group>"; };
		F47D026D1F51BCDB00C3220B /* FavoriteTableViewController.swift */ = {isa = PBXFileReference; fileEncoding = 4; lastKnownFileType = sourcecode.swift; path = FavoriteTableViewController.swift; sourceTree = "<group>"; };
		F488C1961F27BAB200FC76A4 /* EventTableViewController.swift */ = {isa = PBXFileReference; fileEncoding = 4; lastKnownFileType = sourcecode.swift; path = EventTableViewController.swift; sourceTree = "<group>"; };
		F488C19C1F27D6D600FC76A4 /* DetailsTableViewController.swift */ = {isa = PBXFileReference; fileEncoding = 4; lastKnownFileType = sourcecode.swift; path = DetailsTableViewController.swift; sourceTree = "<group>"; };
		F495CF641F51E34C00E0B6B0 /* FavoriteEvent.swift */ = {isa = PBXFileReference; fileEncoding = 4; lastKnownFileType = sourcecode.swift; path = FavoriteEvent.swift; sourceTree = "<group>"; };
		F495CF661F51E56F00E0B6B0 /* Utils.swift */ = {isa = PBXFileReference; fileEncoding = 4; lastKnownFileType = sourcecode.swift; path = Utils.swift; sourceTree = "<group>"; };
		F495CF6A1F51FEE900E0B6B0 /* GoogleService-Info.plist */ = {isa = PBXFileReference; fileEncoding = 4; lastKnownFileType = text.plist.xml; path = "GoogleService-Info.plist"; sourceTree = "<group>"; };
		F49BC8021F2A78D4002471A7 /* ManageEventKudaGO.swift */ = {isa = PBXFileReference; fileEncoding = 4; lastKnownFileType = sourcecode.swift; path = ManageEventKudaGO.swift; sourceTree = "<group>"; };
		F4B382AF1F460993009EC8BE /* EventKudaGo.swift */ = {isa = PBXFileReference; fileEncoding = 4; lastKnownFileType = sourcecode.swift; path = EventKudaGo.swift; sourceTree = "<group>"; };
		F4CA76521F4E271A0091083E /* SearchTableViewController.swift */ = {isa = PBXFileReference; fileEncoding = 4; lastKnownFileType = sourcecode.swift; path = SearchTableViewController.swift; sourceTree = "<group>"; };
		F4D43FC01F8916A2000FE8FC /* MapPin.swift */ = {isa = PBXFileReference; lastKnownFileType = sourcecode.swift; path = MapPin.swift; sourceTree = "<group>"; };
		F4D6B8EE1F22A60100A06996 /* Decoder.swift */ = {isa = PBXFileReference; fileEncoding = 4; lastKnownFileType = sourcecode.swift; path = Decoder.swift; sourceTree = "<group>"; };
		F4E5B0D81F82DD0100945FEE /* MapKit.framework */ = {isa = PBXFileReference; lastKnownFileType = wrapper.framework; name = MapKit.framework; path = System/Library/Frameworks/MapKit.framework; sourceTree = SDKROOT; };
		F4EDDCA81F4F60C900444AD3 /* Assets.xcassets */ = {isa = PBXFileReference; lastKnownFileType = folder.assetcatalog; path = Assets.xcassets; sourceTree = "<group>"; };
		F4EDDCAA1F4F63AA00444AD3 /* RootTableViewController.swift */ = {isa = PBXFileReference; fileEncoding = 4; lastKnownFileType = sourcecode.swift; path = RootTableViewController.swift; sourceTree = "<group>"; };
/* End PBXFileReference section */

/* Begin PBXFrameworksBuildPhase section */
		F476CBC21F1D38F7007349F5 /* Frameworks */ = {
			isa = PBXFrameworksBuildPhase;
			buildActionMask = 2147483647;
			files = (
				F4E5B0D91F82DD0100945FEE /* MapKit.framework in Frameworks */,
				6CEDC05DCC40ABAD867456F6 /* Pods_EventAggregator.framework in Frameworks */,
			);
			runOnlyForDeploymentPostprocessing = 0;
		};
/* End PBXFrameworksBuildPhase section */

/* Begin PBXGroup section */
		07A3074E5A0703F0EB8FDA6C /* Frameworks */ = {
			isa = PBXGroup;
			children = (
				F4E5B0D81F82DD0100945FEE /* MapKit.framework */,
				017B0F8B1AA3DB5B3741EAA0 /* Pods_EventAggregator.framework */,
			);
			name = Frameworks;
			sourceTree = "<group>";
		};
		886FD9024EB03006E8F30F05 /* Pods */ = {
			isa = PBXGroup;
			children = (
				387FFE59891DF1C8A1F2C9D6 /* Pods-EventAggregator.debug.xcconfig */,
				481FD2D7A4D654D36D194888 /* Pods-EventAggregator.release.xcconfig */,
			);
			name = Pods;
			sourceTree = "<group>";
		};
		F476CBBC1F1D38F7007349F5 = {
			isa = PBXGroup;
			children = (
				F476CBC71F1D38F7007349F5 /* EventAggregator */,
				F476CBC61F1D38F7007349F5 /* Products */,
				886FD9024EB03006E8F30F05 /* Pods */,
				07A3074E5A0703F0EB8FDA6C /* Frameworks */,
			);
			sourceTree = "<group>";
		};
		F476CBC61F1D38F7007349F5 /* Products */ = {
			isa = PBXGroup;
			children = (
				F476CBC51F1D38F7007349F5 /* EventAggregator.app */,
			);
			name = Products;
			sourceTree = "<group>";
		};
		F476CBC71F1D38F7007349F5 /* EventAggregator */ = {
			isa = PBXGroup;
			children = (
				F476CBC81F1D38F7007349F5 /* AppDelegate.swift */,
				F495CF661F51E56F00E0B6B0 /* Utils.swift */,
				F47D02681F51BA9B00C3220B /* Controllers */,
				F47D02671F51BA8900C3220B /* MangeData */,
				F4CA76541F4E34930091083E /* DB */,
				F4EDDCA81F4F60C900444AD3 /* Assets.xcassets */,
				F476CBCC1F1D38F7007349F5 /* Main.storyboard */,
				F476CBD11F1D38F7007349F5 /* LaunchScreen.storyboard */,
				F476CBD41F1D38F7007349F5 /* Info.plist */,
				F495CF6A1F51FEE900E0B6B0 /* GoogleService-Info.plist */,
			);
			path = EventAggregator;
			sourceTree = "<group>";
		};
		F47D02671F51BA8900C3220B /* MangeData */ = {
			isa = PBXGroup;
			children = (
				F476CBE21F1D3A70007349F5 /* ManageEventTimepad.swift */,
				F49BC8021F2A78D4002471A7 /* ManageEventKudaGO.swift */,
				F41D34A11F61BAE60041A6F0 /* ManagePonaminaluEvent.swift */,
				F4D6B8EE1F22A60100A06996 /* Decoder.swift */,
				F45524021F1E891600AE1318 /* LoadDB.swift */,
				F4D43FC01F8916A2000FE8FC /* MapPin.swift */,
			);
			name = MangeData;
			sourceTree = "<group>";
		};
		F47D02681F51BA9B00C3220B /* Controllers */ = {
			isa = PBXGroup;
			children = (
				F4EDDCAA1F4F63AA00444AD3 /* RootTableViewController.swift */,
				F473AE111F86E3A7008A4B63 /* CategoryTableViewController.swift */,
				F488C1961F27BAB200FC76A4 /* EventTableViewController.swift */,
				F488C19C1F27D6D600FC76A4 /* DetailsTableViewController.swift */,
				F47D02691F51BC6400C3220B /* SettingsTableViewController.swift */,
				F47D026B1F51BC9700C3220B /* SelectCityTableViewController.swift */,
				F47D026D1F51BCDB00C3220B /* FavoriteTableViewController.swift */,
				F4CA76521F4E271A0091083E /* SearchTableViewController.swift */,
				F4133B591F7AC3B6000CC446 /* ShowPlaceViewController.swift */,
				F43BBD131F89656E00419B85 /* EventMapLocationViewController.swift */,
			);
			name = Controllers;
			sourceTree = "<group>";
		};
		F4CA76541F4E34930091083E /* DB */ = {
			isa = PBXGroup;
			children = (
				F476CBDE1F1D3A3B007349F5 /* EventTimepad.swift */,
				F4B382AF1F460993009EC8BE /* EventKudaGo.swift */,
				F495CF641F51E34C00E0B6B0 /* FavoriteEvent.swift */,
				F476CBE01F1D3A54007349F5 /* EventTickets.swift */,
				F475B5D81F1D3AAD006ACA85 /* TypeEvent.swift */,
				F475B5DA1F1D3ACC006ACA85 /* CityEvent.swift */,
			);
			name = DB;
			sourceTree = "<group>";
		};
/* End PBXGroup section */

/* Begin PBXNativeTarget section */
		F476CBC41F1D38F7007349F5 /* EventAggregator */ = {
			isa = PBXNativeTarget;
			buildConfigurationList = F476CBD71F1D38F7007349F5 /* Build configuration list for PBXNativeTarget "EventAggregator" */;
			buildPhases = (
				32D4E5387C17F4B23357A24A /* [CP] Check Pods Manifest.lock */,
				F476CBC11F1D38F7007349F5 /* Sources */,
				F476CBC21F1D38F7007349F5 /* Frameworks */,
				F476CBC31F1D38F7007349F5 /* Resources */,
				F2FBA4FF3F6B95A562F75910 /* [CP] Embed Pods Frameworks */,
				547737E15FF8B2366632A70A /* [CP] Copy Pods Resources */,
			);
			buildRules = (
			);
			dependencies = (
			);
			name = EventAggregator;
			productName = EventAggregator;
			productReference = F476CBC51F1D38F7007349F5 /* EventAggregator.app */;
			productType = "com.apple.product-type.application";
		};
/* End PBXNativeTarget section */

/* Begin PBXProject section */
		F476CBBD1F1D38F7007349F5 /* Project object */ = {
			isa = PBXProject;
			attributes = {
				LastSwiftUpdateCheck = 0830;
				LastUpgradeCheck = 0900;
				ORGANIZATIONNAME = "Egor Bryzgalov";
				TargetAttributes = {
					F476CBC41F1D38F7007349F5 = {
						CreatedOnToolsVersion = 8.3.3;
						DevelopmentTeam = 4NW94WU93C;
						LastSwiftMigration = 0830;
						ProvisioningStyle = Automatic;
						SystemCapabilities = {
							com.apple.Maps.iOS = {
								enabled = 1;
							};
						};
					};
				};
			};
			buildConfigurationList = F476CBC01F1D38F7007349F5 /* Build configuration list for PBXProject "EventAggregator" */;
			compatibilityVersion = "Xcode 3.2";
			developmentRegion = English;
			hasScannedForEncodings = 0;
			knownRegions = (
				en,
				Base,
			);
			mainGroup = F476CBBC1F1D38F7007349F5;
			productRefGroup = F476CBC61F1D38F7007349F5 /* Products */;
			projectDirPath = "";
			projectRoot = "";
			targets = (
				F476CBC41F1D38F7007349F5 /* EventAggregator */,
			);
		};
/* End PBXProject section */

/* Begin PBXResourcesBuildPhase section */
		F476CBC31F1D38F7007349F5 /* Resources */ = {
			isa = PBXResourcesBuildPhase;
			buildActionMask = 2147483647;
			files = (
				F476CBD31F1D38F7007349F5 /* LaunchScreen.storyboard in Resources */,
				F495CF6B1F51FEE900E0B6B0 /* GoogleService-Info.plist in Resources */,
				F4EDDCA91F4F60C900444AD3 /* Assets.xcassets in Resources */,
				F476CBCE1F1D38F7007349F5 /* Main.storyboard in Resources */,
			);
			runOnlyForDeploymentPostprocessing = 0;
		};
/* End PBXResourcesBuildPhase section */

/* Begin PBXShellScriptBuildPhase section */
		32D4E5387C17F4B23357A24A /* [CP] Check Pods Manifest.lock */ = {
			isa = PBXShellScriptBuildPhase;
			buildActionMask = 2147483647;
			files = (
			);
			inputPaths = (
				"${PODS_PODFILE_DIR_PATH}/Podfile.lock",
				"${PODS_ROOT}/Manifest.lock",
			);
			name = "[CP] Check Pods Manifest.lock";
			outputPaths = (
				"$(DERIVED_FILE_DIR)/Pods-EventAggregator-checkManifestLockResult.txt",
			);
			runOnlyForDeploymentPostprocessing = 0;
			shellPath = /bin/sh;
			shellScript = "diff \"${PODS_PODFILE_DIR_PATH}/Podfile.lock\" \"${PODS_ROOT}/Manifest.lock\" > /dev/null\nif [ $? != 0 ] ; then\n    # print error to STDERR\n    echo \"error: The sandbox is not in sync with the Podfile.lock. Run 'pod install' or update your CocoaPods installation.\" >&2\n    exit 1\nfi\n# This output is used by Xcode 'outputs' to avoid re-running this script phase.\necho \"SUCCESS\" > \"${SCRIPT_OUTPUT_FILE_0}\"\n";
			showEnvVarsInLog = 0;
		};
		547737E15FF8B2366632A70A /* [CP] Copy Pods Resources */ = {
			isa = PBXShellScriptBuildPhase;
			buildActionMask = 2147483647;
			files = (
			);
			inputPaths = (
			);
			name = "[CP] Copy Pods Resources";
			outputPaths = (
			);
			runOnlyForDeploymentPostprocessing = 0;
			shellPath = /bin/sh;
			shellScript = "\"${SRCROOT}/Pods/Target Support Files/Pods-EventAggregator/Pods-EventAggregator-resources.sh\"\n";
			showEnvVarsInLog = 0;
		};
		F2FBA4FF3F6B95A562F75910 /* [CP] Embed Pods Frameworks */ = {
			isa = PBXShellScriptBuildPhase;
			buildActionMask = 2147483647;
			files = (
			);
			inputPaths = (
				"${SRCROOT}/Pods/Target Support Files/Pods-EventAggregator/Pods-EventAggregator-frameworks.sh",
				"${BUILT_PRODUCTS_DIR}/Alamofire/Alamofire.framework",
				"${BUILT_PRODUCTS_DIR}/GoogleToolboxForMac/GoogleToolboxForMac.framework",
				"${BUILT_PRODUCTS_DIR}/Realm/Realm.framework",
				"${BUILT_PRODUCTS_DIR}/RealmSwift/RealmSwift.framework",
				"${BUILT_PRODUCTS_DIR}/SWRevealViewController/SWRevealViewController.framework",
				"${BUILT_PRODUCTS_DIR}/SwiftyJSON/SwiftyJSON.framework",
				"${BUILT_PRODUCTS_DIR}/leveldb-library/leveldb.framework",
				"${BUILT_PRODUCTS_DIR}/nanopb/nanopb.framework",
			);
			name = "[CP] Embed Pods Frameworks";
			outputPaths = (
				"${TARGET_BUILD_DIR}/${FRAMEWORKS_FOLDER_PATH}/Alamofire.framework",
				"${TARGET_BUILD_DIR}/${FRAMEWORKS_FOLDER_PATH}/GoogleToolboxForMac.framework",
				"${TARGET_BUILD_DIR}/${FRAMEWORKS_FOLDER_PATH}/Realm.framework",
				"${TARGET_BUILD_DIR}/${FRAMEWORKS_FOLDER_PATH}/RealmSwift.framework",
				"${TARGET_BUILD_DIR}/${FRAMEWORKS_FOLDER_PATH}/SWRevealViewController.framework",
				"${TARGET_BUILD_DIR}/${FRAMEWORKS_FOLDER_PATH}/SwiftyJSON.framework",
				"${TARGET_BUILD_DIR}/${FRAMEWORKS_FOLDER_PATH}/leveldb.framework",
				"${TARGET_BUILD_DIR}/${FRAMEWORKS_FOLDER_PATH}/nanopb.framework",
			);
			runOnlyForDeploymentPostprocessing = 0;
			shellPath = /bin/sh;
			shellScript = "\"${SRCROOT}/Pods/Target Support Files/Pods-EventAggregator/Pods-EventAggregator-frameworks.sh\"\n";
			showEnvVarsInLog = 0;
		};
/* End PBXShellScriptBuildPhase section */

/* Begin PBXSourcesBuildPhase section */
		F476CBC11F1D38F7007349F5 /* Sources */ = {
			isa = PBXSourcesBuildPhase;
			buildActionMask = 2147483647;
			files = (
				F49BC8031F2A78D4002471A7 /* ManageEventKudaGO.swift in Sources */,
				F41D34A21F61BAE60041A6F0 /* ManagePonaminaluEvent.swift in Sources */,
				F488C1971F27BAB200FC76A4 /* EventTableViewController.swift in Sources */,
				F475B5D91F1D3AAD006ACA85 /* TypeEvent.swift in Sources */,
				F45524031F1E891600AE1318 /* LoadDB.swift in Sources */,
				F4EDDCAB1F4F63AA00444AD3 /* RootTableViewController.swift in Sources */,
				F488C19D1F27D6D600FC76A4 /* DetailsTableViewController.swift in Sources */,
				F476CBDF1F1D3A3B007349F5 /* EventTimepad.swift in Sources */,
				F4CA76531F4E271A0091083E /* SearchTableViewController.swift in Sources */,
				F495CF651F51E34C00E0B6B0 /* FavoriteEvent.swift in Sources */,
				F475B5DB1F1D3ACC006ACA85 /* CityEvent.swift in Sources */,
				F47D026E1F51BCDB00C3220B /* FavoriteTableViewController.swift in Sources */,
				F4B382B01F460993009EC8BE /* EventKudaGo.swift in Sources */,
				F4D6B8EF1F22A60100A06996 /* Decoder.swift in Sources */,
				F4D43FC11F8916A2000FE8FC /* MapPin.swift in Sources */,
				F43BBD141F89656E00419B85 /* EventMapLocationViewController.swift in Sources */,
				F47D026A1F51BC6400C3220B /* SettingsTableViewController.swift in Sources */,
				F473AE121F86E3A7008A4B63 /* CategoryTableViewController.swift in Sources */,
				F4133B5A1F7AC3B6000CC446 /* ShowPlaceViewController.swift in Sources */,
				F476CBE31F1D3A70007349F5 /* ManageEventTimepad.swift in Sources */,
				F476CBE11F1D3A54007349F5 /* EventTickets.swift in Sources */,
				F47D026C1F51BC9700C3220B /* SelectCityTableViewController.swift in Sources */,
				F495CF671F51E56F00E0B6B0 /* Utils.swift in Sources */,
				F476CBC91F1D38F7007349F5 /* AppDelegate.swift in Sources */,
			);
			runOnlyForDeploymentPostprocessing = 0;
		};
/* End PBXSourcesBuildPhase section */

/* Begin PBXVariantGroup section */
		F476CBCC1F1D38F7007349F5 /* Main.storyboard */ = {
			isa = PBXVariantGroup;
			children = (
				F476CBCD1F1D38F7007349F5 /* Base */,
			);
			name = Main.storyboard;
			sourceTree = "<group>";
		};
		F476CBD11F1D38F7007349F5 /* LaunchScreen.storyboard */ = {
			isa = PBXVariantGroup;
			children = (
				F476CBD21F1D38F7007349F5 /* Base */,
			);
			name = LaunchScreen.storyboard;
			sourceTree = "<group>";
		};
/* End PBXVariantGroup section */

/* Begin XCBuildConfiguration section */
		F476CBD51F1D38F7007349F5 /* Debug */ = {
			isa = XCBuildConfiguration;
			buildSettings = {
				ALWAYS_SEARCH_USER_PATHS = NO;
				CLANG_ANALYZER_NONNULL = YES;
				CLANG_ANALYZER_NUMBER_OBJECT_CONVERSION = YES_AGGRESSIVE;
				CLANG_CXX_LANGUAGE_STANDARD = "gnu++0x";
				CLANG_CXX_LIBRARY = "libc++";
				CLANG_ENABLE_MODULES = YES;
				CLANG_ENABLE_OBJC_ARC = YES;
				CLANG_WARN_BLOCK_CAPTURE_AUTORELEASING = YES;
				CLANG_WARN_BOOL_CONVERSION = YES;
				CLANG_WARN_COMMA = YES;
				CLANG_WARN_CONSTANT_CONVERSION = YES;
				CLANG_WARN_DIRECT_OBJC_ISA_USAGE = YES_ERROR;
				CLANG_WARN_DOCUMENTATION_COMMENTS = YES;
				CLANG_WARN_EMPTY_BODY = YES;
				CLANG_WARN_ENUM_CONVERSION = YES;
				CLANG_WARN_INFINITE_RECURSION = YES;
				CLANG_WARN_INT_CONVERSION = YES;
				CLANG_WARN_NON_LITERAL_NULL_CONVERSION = YES;
				CLANG_WARN_OBJC_LITERAL_CONVERSION = YES;
				CLANG_WARN_OBJC_ROOT_CLASS = YES_ERROR;
				CLANG_WARN_RANGE_LOOP_ANALYSIS = YES;
				CLANG_WARN_STRICT_PROTOTYPES = YES;
				CLANG_WARN_SUSPICIOUS_MOVE = YES;
				CLANG_WARN_UNREACHABLE_CODE = YES;
				CLANG_WARN__DUPLICATE_METHOD_MATCH = YES;
				"CODE_SIGN_IDENTITY[sdk=iphoneos*]" = "iPhone Developer";
				COPY_PHASE_STRIP = NO;
				DEBUG_INFORMATION_FORMAT = dwarf;
				ENABLE_STRICT_OBJC_MSGSEND = YES;
				ENABLE_TESTABILITY = YES;
				GCC_C_LANGUAGE_STANDARD = gnu99;
				GCC_DYNAMIC_NO_PIC = NO;
				GCC_NO_COMMON_BLOCKS = YES;
				GCC_OPTIMIZATION_LEVEL = 0;
				GCC_PREPROCESSOR_DEFINITIONS = (
					"DEBUG=1",
					"$(inherited)",
				);
				GCC_WARN_64_TO_32_BIT_CONVERSION = YES;
				GCC_WARN_ABOUT_RETURN_TYPE = YES_ERROR;
				GCC_WARN_UNDECLARED_SELECTOR = YES;
				GCC_WARN_UNINITIALIZED_AUTOS = YES_AGGRESSIVE;
				GCC_WARN_UNUSED_FUNCTION = YES;
				GCC_WARN_UNUSED_VARIABLE = YES;
				IPHONEOS_DEPLOYMENT_TARGET = 10.3;
				MTL_ENABLE_DEBUG_INFO = YES;
				ONLY_ACTIVE_ARCH = YES;
				SDKROOT = iphoneos;
				SWIFT_ACTIVE_COMPILATION_CONDITIONS = DEBUG;
				SWIFT_OPTIMIZATION_LEVEL = "-Onone";
				TARGETED_DEVICE_FAMILY = "1,2";
			};
			name = Debug;
		};
		F476CBD61F1D38F7007349F5 /* Release */ = {
			isa = XCBuildConfiguration;
			buildSettings = {
				ALWAYS_SEARCH_USER_PATHS = NO;
				CLANG_ANALYZER_NONNULL = YES;
				CLANG_ANALYZER_NUMBER_OBJECT_CONVERSION = YES_AGGRESSIVE;
				CLANG_CXX_LANGUAGE_STANDARD = "gnu++0x";
				CLANG_CXX_LIBRARY = "libc++";
				CLANG_ENABLE_MODULES = YES;
				CLANG_ENABLE_OBJC_ARC = YES;
				CLANG_WARN_BLOCK_CAPTURE_AUTORELEASING = YES;
				CLANG_WARN_BOOL_CONVERSION = YES;
				CLANG_WARN_COMMA = YES;
				CLANG_WARN_CONSTANT_CONVERSION = YES;
				CLANG_WARN_DIRECT_OBJC_ISA_USAGE = YES_ERROR;
				CLANG_WARN_DOCUMENTATION_COMMENTS = YES;
				CLANG_WARN_EMPTY_BODY = YES;
				CLANG_WARN_ENUM_CONVERSION = YES;
				CLANG_WARN_INFINITE_RECURSION = YES;
				CLANG_WARN_INT_CONVERSION = YES;
				CLANG_WARN_NON_LITERAL_NULL_CONVERSION = YES;
				CLANG_WARN_OBJC_LITERAL_CONVERSION = YES;
				CLANG_WARN_OBJC_ROOT_CLASS = YES_ERROR;
				CLANG_WARN_RANGE_LOOP_ANALYSIS = YES;
				CLANG_WARN_STRICT_PROTOTYPES = YES;
				CLANG_WARN_SUSPICIOUS_MOVE = YES;
				CLANG_WARN_UNREACHABLE_CODE = YES;
				CLANG_WARN__DUPLICATE_METHOD_MATCH = YES;
				"CODE_SIGN_IDENTITY[sdk=iphoneos*]" = "iPhone Developer";
				COPY_PHASE_STRIP = NO;
				DEBUG_INFORMATION_FORMAT = "dwarf-with-dsym";
				ENABLE_NS_ASSERTIONS = NO;
				ENABLE_STRICT_OBJC_MSGSEND = YES;
				GCC_C_LANGUAGE_STANDARD = gnu99;
				GCC_NO_COMMON_BLOCKS = YES;
				GCC_WARN_64_TO_32_BIT_CONVERSION = YES;
				GCC_WARN_ABOUT_RETURN_TYPE = YES_ERROR;
				GCC_WARN_UNDECLARED_SELECTOR = YES;
				GCC_WARN_UNINITIALIZED_AUTOS = YES_AGGRESSIVE;
				GCC_WARN_UNUSED_FUNCTION = YES;
				GCC_WARN_UNUSED_VARIABLE = YES;
				IPHONEOS_DEPLOYMENT_TARGET = 10.3;
				MTL_ENABLE_DEBUG_INFO = NO;
				SDKROOT = iphoneos;
				SWIFT_OPTIMIZATION_LEVEL = "-Owholemodule";
				TARGETED_DEVICE_FAMILY = "1,2";
				VALIDATE_PRODUCT = YES;
			};
			name = Release;
		};
		F476CBD81F1D38F7007349F5 /* Debug */ = {
			isa = XCBuildConfiguration;
			baseConfigurationReference = 387FFE59891DF1C8A1F2C9D6 /* Pods-EventAggregator.debug.xcconfig */;
			buildSettings = {
				ASSETCATALOG_COMPILER_APPICON_NAME = AppIcon;
				CLANG_ENABLE_MODULES = YES;
				DEVELOPMENT_TEAM = 4NW94WU93C;
				INFOPLIST_FILE = EventAggregator/Info.plist;
				LD_RUNPATH_SEARCH_PATHS = "$(inherited) @executable_path/Frameworks";
				PRODUCT_BUNDLE_IDENTIFIER = ru.Bryzgalov.EventAggregator;
				PRODUCT_NAME = "$(TARGET_NAME)";
				SWIFT_OPTIMIZATION_LEVEL = "-Onone";
				SWIFT_VERSION = 3.0;
			};
			name = Debug;
		};
		F476CBD91F1D38F7007349F5 /* Release */ = {
			isa = XCBuildConfiguration;
			baseConfigurationReference = 481FD2D7A4D654D36D194888 /* Pods-EventAggregator.release.xcconfig */;
			buildSettings = {
				ASSETCATALOG_COMPILER_APPICON_NAME = AppIcon;
				CLANG_ENABLE_MODULES = YES;
				DEVELOPMENT_TEAM = 4NW94WU93C;
				INFOPLIST_FILE = EventAggregator/Info.plist;
				LD_RUNPATH_SEARCH_PATHS = "$(inherited) @executable_path/Frameworks";
				PRODUCT_BUNDLE_IDENTIFIER = ru.Bryzgalov.EventAggregator;
				PRODUCT_NAME = "$(TARGET_NAME)";
				SWIFT_VERSION = 3.0;
			};
			name = Release;
		};
/* End XCBuildConfiguration section */

/* Begin XCConfigurationList section */
		F476CBC01F1D38F7007349F5 /* Build configuration list for PBXProject "EventAggregator" */ = {
			isa = XCConfigurationList;
			buildConfigurations = (
				F476CBD51F1D38F7007349F5 /* Debug */,
				F476CBD61F1D38F7007349F5 /* Release */,
			);
			defaultConfigurationIsVisible = 0;
			defaultConfigurationName = Release;
		};
		F476CBD71F1D38F7007349F5 /* Build configuration list for PBXNativeTarget "EventAggregator" */ = {
			isa = XCConfigurationList;
			buildConfigurations = (
				F476CBD81F1D38F7007349F5 /* Debug */,
				F476CBD91F1D38F7007349F5 /* Release */,
			);
			defaultConfigurationIsVisible = 0;
			defaultConfigurationName = Release;
		};
/* End XCConfigurationList section */
	};
	rootObject = F476CBBD1F1D38F7007349F5 /* Project object */;
}
